
Microsoft Visual Studio Solution File, Format Version 12.00
# Visual Studio 2013
VisualStudioVersion = 12.0.21005.1
MinimumVisualStudioVersion = 10.0.40219.1
Project("{FAE04EC0-301F-11D3-BF4B-00C04F79EFBC}") = "Inicio de Sesion", "Inicio de Sesion\Inicio de Sesion.csproj", "{8F5796A4-D22A-40F2-B357-E9533621B10F}"
EndProject
Project("{FAE04EC0-301F-11D3-BF4B-00C04F79EFBC}") = "Negocio_Sesion", "Negocio_Sesion\Negocio_Sesion.csproj", "{AB4F73C3-B964-420A-8373-9CE82A2ECEB2}"
EndProject
Project("{FAE04EC0-301F-11D3-BF4B-00C04F79EFBC}") = "Datos_Sesion", "Datos_Sesion\Datos_Sesion.csproj", "{A61B6B90-A459-4D5A-955F-9FAC547B1E4C}"
EndProject
Project("{FAE04EC0-301F-11D3-BF4B-00C04F79EFBC}") = "Conexion", "Conexion\Conexion.csproj", "{BD9FA9BD-A466-47EB-9286-ABC6F0B0732B}"
EndProject
Project("{2150E333-8FDC-42A3-9474-1A3956D46DE8}") = "Capas", "Capas", "{F672843C-5AC9-4E58-B694-55959CB89231}"
EndProject
Project("{2150E333-8FDC-42A3-9474-1A3956D46DE8}") = "Origenes de Datos", "Origenes de Datos", "{210AE73B-5CC0-4CA3-920D-258C5E84261D}"
EndProject
Global
	GlobalSection(SolutionConfigurationPlatforms) = preSolution
		Debug|Any CPU = Debug|Any CPU
		Release|Any CPU = Release|Any CPU
	EndGlobalSection
	GlobalSection(ProjectConfigurationPlatforms) = postSolution
		{8F5796A4-D22A-40F2-B357-E9533621B10F}.Debug|Any CPU.ActiveCfg = Debug|Any CPU
		{8F5796A4-D22A-40F2-B357-E9533621B10F}.Debug|Any CPU.Build.0 = Debug|Any CPU
		{8F5796A4-D22A-40F2-B357-E9533621B10F}.Release|Any CPU.ActiveCfg = Release|Any CPU
		{8F5796A4-D22A-40F2-B357-E9533621B10F}.Release|Any CPU.Build.0 = Release|Any CPU
		{AB4F73C3-B964-420A-8373-9CE82A2ECEB2}.Debug|Any CPU.ActiveCfg = Debug|Any CPU
		{AB4F73C3-B964-420A-8373-9CE82A2ECEB2}.Debug|Any CPU.Build.0 = Debug|Any CPU
		{AB4F73C3-B964-420A-8373-9CE82A2ECEB2}.Release|Any CPU.ActiveCfg = Release|Any CPU
		{AB4F73C3-B964-420A-8373-9CE82A2ECEB2}.Release|Any CPU.Build.0 = Release|Any CPU
		{A61B6B90-A459-4D5A-955F-9FAC547B1E4C}.Debug|Any CPU.ActiveCfg = Debug|Any CPU
		{A61B6B90-A459-4D5A-955F-9FAC547B1E4C}.Debug|Any CPU.Build.0 = Debug|Any CPU
		{A61B6B90-A459-4D5A-955F-9FAC547B1E4C}.Release|Any CPU.ActiveCfg = Release|Any CPU
		{A61B6B90-A459-4D5A-955F-9FAC547B1E4C}.Release|Any CPU.Build.0 = Release|Any CPU
		{BD9FA9BD-A466-47EB-9286-ABC6F0B0732B}.Debug|Any CPU.ActiveCfg = Debug|Any CPU
		{BD9FA9BD-A466-47EB-9286-ABC6F0B0732B}.Debug|Any CPU.Build.0 = Debug|Any CPU
		{BD9FA9BD-A466-47EB-9286-ABC6F0B0732B}.Release|Any CPU.ActiveCfg = Release|Any CPU
		{BD9FA9BD-A466-47EB-9286-ABC6F0B0732B}.Release|Any CPU.Build.0 = Release|Any CPU
	EndGlobalSection
	GlobalSection(SolutionProperties) = preSolution
		HideSolutionNode = FALSE
	EndGlobalSection
	GlobalSection(NestedProjects) = preSolution
		{A61B6B90-A459-4D5A-955F-9FAC547B1E4C} = {F672843C-5AC9-4E58-B694-55959CB89231}
		{BD9FA9BD-A466-47EB-9286-ABC6F0B0732B} = {F672843C-5AC9-4E58-B694-55959CB89231}
		{AB4F73C3-B964-420A-8373-9CE82A2ECEB2} = {F672843C-5AC9-4E58-B694-55959CB89231}
	EndGlobalSection
EndGlobal
