
Microsoft Visual Studio Solution File, Format Version 12.00
# Visual Studio 2013
VisualStudioVersion = 12.0.21005.1
MinimumVisualStudioVersion = 10.0.40219.1
Project("{FAE04EC0-301F-11D3-BF4B-00C04F79EFBC}") = "HSC_gestionBancos", "HSC_gestionBancos\HSC_gestionBancos.csproj", "{1189D0EF-BDEA-4580-9E18-B82FD587FC56}"
EndProject
Global
	GlobalSection(SolutionConfigurationPlatforms) = preSolution
		Debug|Any CPU = Debug|Any CPU
		Release|Any CPU = Release|Any CPU
	EndGlobalSection
	GlobalSection(ProjectConfigurationPlatforms) = postSolution
		{1189D0EF-BDEA-4580-9E18-B82FD587FC56}.Debug|Any CPU.ActiveCfg = Debug|Any CPU
		{1189D0EF-BDEA-4580-9E18-B82FD587FC56}.Debug|Any CPU.Build.0 = Debug|Any CPU
		{1189D0EF-BDEA-4580-9E18-B82FD587FC56}.Release|Any CPU.ActiveCfg = Release|Any CPU
		{1189D0EF-BDEA-4580-9E18-B82FD587FC56}.Release|Any CPU.Build.0 = Release|Any CPU
	EndGlobalSection
	GlobalSection(SolutionProperties) = preSolution
		HideSolutionNode = FALSE
	EndGlobalSection
EndGlobal
