
Microsoft Visual Studio Solution File, Format Version 12.00
# Visual Studio 2013
VisualStudioVersion = 12.0.21005.1
MinimumVisualStudioVersion = 10.0.40219.1
Project("{FAE04EC0-301F-11D3-BF4B-00C04F79EFBC}") = "Modulo de Seguridad 3.0", "Modulo de Seguridad 3.0\Modulo de Seguridad 3.0.csproj", "{DA4ECDFF-96F3-4FEE-AE3E-2D88AC1C634D}"
EndProject
Global
	GlobalSection(SolutionConfigurationPlatforms) = preSolution
		Debug|Any CPU = Debug|Any CPU
		Release|Any CPU = Release|Any CPU
	EndGlobalSection
	GlobalSection(ProjectConfigurationPlatforms) = postSolution
		{DA4ECDFF-96F3-4FEE-AE3E-2D88AC1C634D}.Debug|Any CPU.ActiveCfg = Debug|Any CPU
		{DA4ECDFF-96F3-4FEE-AE3E-2D88AC1C634D}.Debug|Any CPU.Build.0 = Debug|Any CPU
		{DA4ECDFF-96F3-4FEE-AE3E-2D88AC1C634D}.Release|Any CPU.ActiveCfg = Release|Any CPU
		{DA4ECDFF-96F3-4FEE-AE3E-2D88AC1C634D}.Release|Any CPU.Build.0 = Release|Any CPU
	EndGlobalSection
	GlobalSection(SolutionProperties) = preSolution
		HideSolutionNode = FALSE
	EndGlobalSection
EndGlobal
